{
  "object": {
    "pins": [
      {
        "package": "JamitFoundation",
        "repositoryURL": "https://github.com/JamitLabs/JamitFoundation",
        "state": {
          "branch": "feature/tab-bar",
          "revision": "cc672eb7f064aafbdfe6097e5f975ff878cd2355",
          "version": null
        }
      }
    ]
  },
  "version": 1
}
