{
  "object": {
    "pins": [
      {
        "package": "JamitFoundation",
        "repositoryURL": "https://github.com/JamitLabs/JamitFoundation",
        "state": {
          "branch": "feature/collapsible-view-in-table-view",
          "revision": "52dde3db9ed0542af65ea1d745fa658b74a9e00d",
          "version": null
        }
      }
    ]
  },
  "version": 1
}
