{
  "object": {
    "pins": [
      {
        "package": "JamitFoundation",
        "repositoryURL": "https://github.com/JamitLabs/JamitFoundation",
        "state": {
          "branch": "feature/#18-improvements-to-action-view",
          "revision": "0fc0afd06499c860997a531f31a26f7092748ea4",
          "version": null
        }
      }
    ]
  },
  "version": 1
}
