// !$*UTF8*$!
{
	archiveVersion = 1;
	classes = {
	};
	objectVersion = 52;
	objects = {

/* Begin PBXBuildFile section */
		1E1031E524B6168A0015581B /* CollapsibleViewController.swift in Sources */ = {isa = PBXBuildFile; fileRef = 1E1031E424B6168A0015581B /* CollapsibleViewController.swift */; };
		1E1031E724B616920015581B /* CollapsibleViewController.xib in Resources */ = {isa = PBXBuildFile; fileRef = 1E1031E624B616920015581B /* CollapsibleViewController.xib */; };
		1E1031E924B6169C0015581B /* CollapsibleViewControllerViewModel.swift in Sources */ = {isa = PBXBuildFile; fileRef = 1E1031E824B6169C0015581B /* CollapsibleViewControllerViewModel.swift */; };
		1E1031F524B729750015581B /* CollapsibleItemView.swift in Sources */ = {isa = PBXBuildFile; fileRef = 1E1031F424B729750015581B /* CollapsibleItemView.swift */; };
		1E1B3FE823F27E8700D9A6D5 /* AppDelegate.swift in Sources */ = {isa = PBXBuildFile; fileRef = 1E1B3FE723F27E8700D9A6D5 /* AppDelegate.swift */; };
		1E1B3FEC23F27E8700D9A6D5 /* SampleListViewController.swift in Sources */ = {isa = PBXBuildFile; fileRef = 1E1B3FEB23F27E8700D9A6D5 /* SampleListViewController.swift */; };
		1E1B3FEF23F27E8700D9A6D5 /* SampleListView.storyboard in Resources */ = {isa = PBXBuildFile; fileRef = 1E1B3FED23F27E8700D9A6D5 /* SampleListView.storyboard */; };
		1E1B3FF123F27E8700D9A6D5 /* Assets.xcassets in Resources */ = {isa = PBXBuildFile; fileRef = 1E1B3FF023F27E8700D9A6D5 /* Assets.xcassets */; };
		1E1B3FF423F27E8700D9A6D5 /* LaunchScreen.storyboard in Resources */ = {isa = PBXBuildFile; fileRef = 1E1B3FF223F27E8700D9A6D5 /* LaunchScreen.storyboard */; };
		1E1B3FFF23F27E8700D9A6D5 /* ExampleTests.swift in Sources */ = {isa = PBXBuildFile; fileRef = 1E1B3FFE23F27E8700D9A6D5 /* ExampleTests.swift */; };
		1E1B400A23F27E8700D9A6D5 /* ExampleUITests.swift in Sources */ = {isa = PBXBuildFile; fileRef = 1E1B400923F27E8700D9A6D5 /* ExampleUITests.swift */; };
		1E1B402423F281D800D9A6D5 /* TableViewController.swift in Sources */ = {isa = PBXBuildFile; fileRef = 1E1B402323F281D800D9A6D5 /* TableViewController.swift */; };
		1E1B402923F2824A00D9A6D5 /* TableViewViewModel.swift in Sources */ = {isa = PBXBuildFile; fileRef = 1E1B402823F2824A00D9A6D5 /* TableViewViewModel.swift */; };
		1E1B402E23F2845100D9A6D5 /* TableViewTitleTableViewCell.swift in Sources */ = {isa = PBXBuildFile; fileRef = 1E1B402D23F2845100D9A6D5 /* TableViewTitleTableViewCell.swift */; };
		1E1B403023F2849300D9A6D5 /* TableViewTitleView.swift in Sources */ = {isa = PBXBuildFile; fileRef = 1E1B402F23F2849300D9A6D5 /* TableViewTitleView.swift */; };
		1E1B403223F284B700D9A6D5 /* TableViewTitleViewModel.swift in Sources */ = {isa = PBXBuildFile; fileRef = 1E1B403123F284B700D9A6D5 /* TableViewTitleViewModel.swift */; };
		1E1B403423F284C100D9A6D5 /* TableViewTitleView.xib in Resources */ = {isa = PBXBuildFile; fileRef = 1E1B403323F284C100D9A6D5 /* TableViewTitleView.xib */; };
		1E46DE4E24AF6DCF007226EF /* TimePickerViewController.swift in Sources */ = {isa = PBXBuildFile; fileRef = 1E46DE4D24AF6DCF007226EF /* TimePickerViewController.swift */; };
		1E46DE5024AF6DDD007226EF /* TimePickerViewController.xib in Resources */ = {isa = PBXBuildFile; fileRef = 1E46DE4F24AF6DDD007226EF /* TimePickerViewController.xib */; };
		1E46DE5224AF6DE6007226EF /* TimePickerViewControllerViewModel.swift in Sources */ = {isa = PBXBuildFile; fileRef = 1E46DE5124AF6DE6007226EF /* TimePickerViewControllerViewModel.swift */; };
		1E4D4D53244EEA8200B22541 /* Localizable.strings in Resources */ = {isa = PBXBuildFile; fileRef = 1E4D4D52244EEA8200B22541 /* Localizable.strings */; };
		1E4DC76C23F2B4CF00F940D7 /* TableViewController.xib in Resources */ = {isa = PBXBuildFile; fileRef = 1E4DC76B23F2B4CF00F940D7 /* TableViewController.xib */; };
		1EB2D9732488EAEB00E2B1A4 /* CarouselViewController.swift in Sources */ = {isa = PBXBuildFile; fileRef = 1EB2D9722488EAEB00E2B1A4 /* CarouselViewController.swift */; };
		1EB2D9752488EAF900E2B1A4 /* CarouselViewController.xib in Resources */ = {isa = PBXBuildFile; fileRef = 1EB2D9742488EAF900E2B1A4 /* CarouselViewController.xib */; };
		1EB2D9772488EB0800E2B1A4 /* CarouselViewControllerViewModel.swift in Sources */ = {isa = PBXBuildFile; fileRef = 1EB2D9762488EB0800E2B1A4 /* CarouselViewControllerViewModel.swift */; };
		1EB2D97A2488F29C00E2B1A4 /* PageView in Frameworks */ = {isa = PBXBuildFile; productRef = 1EB2D9792488F29C00E2B1A4 /* PageView */; };
		1EB2D97C2488F29C00E2B1A4 /* BarcodeScanner in Frameworks */ = {isa = PBXBuildFile; productRef = 1EB2D97B2488F29C00E2B1A4 /* BarcodeScanner */; };
		1EB2D97E2488F29C00E2B1A4 /* CarouselView in Frameworks */ = {isa = PBXBuildFile; productRef = 1EB2D97D2488F29C00E2B1A4 /* CarouselView */; };
		1EB2D9802488F29C00E2B1A4 /* JamitFoundation in Frameworks */ = {isa = PBXBuildFile; productRef = 1EB2D97F2488F29C00E2B1A4 /* JamitFoundation */; };
		1EB2D9822488F29C00E2B1A4 /* GridView in Frameworks */ = {isa = PBXBuildFile; productRef = 1EB2D9812488F29C00E2B1A4 /* GridView */; };
		1EB2D9852488F75E00E2B1A4 /* CarouselItemView.swift in Sources */ = {isa = PBXBuildFile; fileRef = 1EB2D9842488F75E00E2B1A4 /* CarouselItemView.swift */; };
		1EB2D9872488F76500E2B1A4 /* CarouselItemView.xib in Resources */ = {isa = PBXBuildFile; fileRef = 1EB2D9862488F76500E2B1A4 /* CarouselItemView.xib */; };
		1EB2D9892488F77000E2B1A4 /* CarouselItemViewModel.swift in Sources */ = {isa = PBXBuildFile; fileRef = 1EB2D9882488F77000E2B1A4 /* CarouselItemViewModel.swift */; };
		1EC7229423F2A24200C90405 /* ListItemViewModel.swift in Sources */ = {isa = PBXBuildFile; fileRef = 1EC7229323F2A24200C90405 /* ListItemViewModel.swift */; };
		1EC7229723F2A38E00C90405 /* ListItemView.swift in Sources */ = {isa = PBXBuildFile; fileRef = 1EC7229623F2A38E00C90405 /* ListItemView.swift */; };
		1EC7229923F2A39F00C90405 /* ListItemView.xib in Resources */ = {isa = PBXBuildFile; fileRef = 1EC7229823F2A39F00C90405 /* ListItemView.xib */; };
		1ECA14A0242A1D6400321BFC /* TableViewItemTableViewCell.swift in Sources */ = {isa = PBXBuildFile; fileRef = 1ECA149F242A1D6400321BFC /* TableViewItemTableViewCell.swift */; };
		1ECA14A2242A1D6C00321BFC /* TableViewItemView.swift in Sources */ = {isa = PBXBuildFile; fileRef = 1ECA14A1242A1D6C00321BFC /* TableViewItemView.swift */; };
		1ECA14A4242A1D7300321BFC /* TableViewItemView.xib in Resources */ = {isa = PBXBuildFile; fileRef = 1ECA14A3242A1D7300321BFC /* TableViewItemView.xib */; };
		1ECA14A6242A1D8000321BFC /* TableViewItemViewModel.swift in Sources */ = {isa = PBXBuildFile; fileRef = 1ECA14A5242A1D8000321BFC /* TableViewItemViewModel.swift */; };
		1ECA14A9242A6BED00321BFC /* ActionViewController.swift in Sources */ = {isa = PBXBuildFile; fileRef = 1ECA14A8242A6BED00321BFC /* ActionViewController.swift */; };
		1ECA14AB242A6BF700321BFC /* ActionViewController.xib in Resources */ = {isa = PBXBuildFile; fileRef = 1ECA14AA242A6BF700321BFC /* ActionViewController.xib */; };
		1ECA14AD242A6BFF00321BFC /* ActionViewControllerViewModel.swift in Sources */ = {isa = PBXBuildFile; fileRef = 1ECA14AC242A6BFF00321BFC /* ActionViewControllerViewModel.swift */; };
		1ECA14B0242A9FE200321BFC /* MyScrollViewController.swift in Sources */ = {isa = PBXBuildFile; fileRef = 1ECA14AF242A9FE200321BFC /* MyScrollViewController.swift */; };
		1ECA14B2242AA24400321BFC /* MyScrollViewController.xib in Resources */ = {isa = PBXBuildFile; fileRef = 1ECA14B1242AA24400321BFC /* MyScrollViewController.xib */; };
		1ECA14B4242AA3D000321BFC /* MyScrollViewControllerViewModel.swift in Sources */ = {isa = PBXBuildFile; fileRef = 1ECA14B3242AA3D000321BFC /* MyScrollViewControllerViewModel.swift */; };
		1EFCDA7024C5C1C600B41530 /* CollapsibleTableViewController.xib in Resources */ = {isa = PBXBuildFile; fileRef = 1EFCDA6D24C5C1C600B41530 /* CollapsibleTableViewController.xib */; };
		1EFCDA7124C5C1C600B41530 /* CollapsibleTableViewControllerViewModel.swift in Sources */ = {isa = PBXBuildFile; fileRef = 1EFCDA6E24C5C1C600B41530 /* CollapsibleTableViewControllerViewModel.swift */; };
		1EFCDA7224C5C1C600B41530 /* CollapsibleTableViewController.swift in Sources */ = {isa = PBXBuildFile; fileRef = 1EFCDA6F24C5C1C600B41530 /* CollapsibleTableViewController.swift */; };
		A729818B25C07C9100C7E4EC /* BarcodeScanner in Frameworks */ = {isa = PBXBuildFile; productRef = A729818A25C07C9100C7E4EC /* BarcodeScanner */; };
		A729818D25C07C9100C7E4EC /* GridView in Frameworks */ = {isa = PBXBuildFile; productRef = A729818C25C07C9100C7E4EC /* GridView */; };
		A729818F25C07C9100C7E4EC /* CarouselView in Frameworks */ = {isa = PBXBuildFile; productRef = A729818E25C07C9100C7E4EC /* CarouselView */; };
		A729819125C07C9100C7E4EC /* TimePickerView in Frameworks */ = {isa = PBXBuildFile; productRef = A729819025C07C9100C7E4EC /* TimePickerView */; };
		A729819325C07C9100C7E4EC /* PageView in Frameworks */ = {isa = PBXBuildFile; productRef = A729819225C07C9100C7E4EC /* PageView */; };
		A729819525C07C9100C7E4EC /* JamitFoundation in Frameworks */ = {isa = PBXBuildFile; productRef = A729819425C07C9100C7E4EC /* JamitFoundation */; };
		A729819725C07C9100C7E4EC /* WeakCache in Frameworks */ = {isa = PBXBuildFile; productRef = A729819625C07C9100C7E4EC /* WeakCache */; };
		EBED3B7624D2A00400CF9221 /* SampleCollectionViewController.swift in Sources */ = {isa = PBXBuildFile; fileRef = EBED3B7524D2A00400CF9221 /* SampleCollectionViewController.swift */; };
		EBED3B7A24D2A16100CF9221 /* SampleCollectionViewController.xib in Resources */ = {isa = PBXBuildFile; fileRef = EBED3B7924D2A16100CF9221 /* SampleCollectionViewController.xib */; };
		EBED3B7C24D2A49100CF9221 /* SampleCollectionViewViewModel.swift in Sources */ = {isa = PBXBuildFile; fileRef = EBED3B7B24D2A49100CF9221 /* SampleCollectionViewViewModel.swift */; };
		EBED3B8024D2A57700CF9221 /* FancyLabelView.swift in Sources */ = {isa = PBXBuildFile; fileRef = EBED3B7F24D2A57700CF9221 /* FancyLabelView.swift */; };
		EBED3B8324D2A71C00CF9221 /* FancyLabelViewModel.swift in Sources */ = {isa = PBXBuildFile; fileRef = EBED3B8224D2A71C00CF9221 /* FancyLabelViewModel.swift */; };
		EBED3B8524D2A82900CF9221 /* FancyLabelView.xib in Resources */ = {isa = PBXBuildFile; fileRef = EBED3B8424D2A82900CF9221 /* FancyLabelView.xib */; };
		EBED3B8924D2B00F00CF9221 /* FancyLabelViewCell.swift in Sources */ = {isa = PBXBuildFile; fileRef = EBED3B8824D2B00F00CF9221 /* FancyLabelViewCell.swift */; };
		EBED3B8B24D2B06400CF9221 /* FancyLabelSupplementaryView.swift in Sources */ = {isa = PBXBuildFile; fileRef = EBED3B8A24D2B06400CF9221 /* FancyLabelSupplementaryView.swift */; };
/* End PBXBuildFile section */

/* Begin PBXContainerItemProxy section */
		1E1B3FFB23F27E8700D9A6D5 /* PBXContainerItemProxy */ = {
			isa = PBXContainerItemProxy;
			containerPortal = 1E1B3FDC23F27E8700D9A6D5 /* Project object */;
			proxyType = 1;
			remoteGlobalIDString = 1E1B3FE323F27E8700D9A6D5;
			remoteInfo = JamitFoundationExample;
		};
		1E1B400623F27E8700D9A6D5 /* PBXContainerItemProxy */ = {
			isa = PBXContainerItemProxy;
			containerPortal = 1E1B3FDC23F27E8700D9A6D5 /* Project object */;
			proxyType = 1;
			remoteGlobalIDString = 1E1B3FE323F27E8700D9A6D5;
			remoteInfo = JamitFoundationExample;
		};
/* End PBXContainerItemProxy section */

/* Begin PBXCopyFilesBuildPhase section */
		1EDB1C5924BC6AEA00FEFA7D /* Embed Frameworks */ = {
			isa = PBXCopyFilesBuildPhase;
			buildActionMask = 2147483647;
			dstPath = "";
			dstSubfolderSpec = 10;
			files = (
			);
			name = "Embed Frameworks";
			runOnlyForDeploymentPostprocessing = 0;
		};
/* End PBXCopyFilesBuildPhase section */

/* Begin PBXFileReference section */
		1E1031E424B6168A0015581B /* CollapsibleViewController.swift */ = {isa = PBXFileReference; lastKnownFileType = sourcecode.swift; path = CollapsibleViewController.swift; sourceTree = "<group>"; };
		1E1031E624B616920015581B /* CollapsibleViewController.xib */ = {isa = PBXFileReference; lastKnownFileType = file.xib; path = CollapsibleViewController.xib; sourceTree = "<group>"; };
		1E1031E824B6169C0015581B /* CollapsibleViewControllerViewModel.swift */ = {isa = PBXFileReference; lastKnownFileType = sourcecode.swift; path = CollapsibleViewControllerViewModel.swift; sourceTree = "<group>"; };
		1E1031F424B729750015581B /* CollapsibleItemView.swift */ = {isa = PBXFileReference; lastKnownFileType = sourcecode.swift; path = CollapsibleItemView.swift; sourceTree = "<group>"; };
		1E1B3FE423F27E8700D9A6D5 /* JamitFoundationExample.app */ = {isa = PBXFileReference; explicitFileType = wrapper.application; includeInIndex = 0; path = JamitFoundationExample.app; sourceTree = BUILT_PRODUCTS_DIR; };
		1E1B3FE723F27E8700D9A6D5 /* AppDelegate.swift */ = {isa = PBXFileReference; lastKnownFileType = sourcecode.swift; path = AppDelegate.swift; sourceTree = "<group>"; };
		1E1B3FEB23F27E8700D9A6D5 /* SampleListViewController.swift */ = {isa = PBXFileReference; lastKnownFileType = sourcecode.swift; path = SampleListViewController.swift; sourceTree = "<group>"; };
		1E1B3FEE23F27E8700D9A6D5 /* Base */ = {isa = PBXFileReference; lastKnownFileType = file.storyboard; name = Base; path = Base.lproj/SampleListView.storyboard; sourceTree = "<group>"; };
		1E1B3FF023F27E8700D9A6D5 /* Assets.xcassets */ = {isa = PBXFileReference; lastKnownFileType = folder.assetcatalog; path = Assets.xcassets; sourceTree = "<group>"; };
		1E1B3FF323F27E8700D9A6D5 /* Base */ = {isa = PBXFileReference; lastKnownFileType = file.storyboard; name = Base; path = Base.lproj/LaunchScreen.storyboard; sourceTree = "<group>"; };
		1E1B3FF523F27E8700D9A6D5 /* Info.plist */ = {isa = PBXFileReference; lastKnownFileType = text.plist.xml; path = Info.plist; sourceTree = "<group>"; };
		1E1B3FFA23F27E8700D9A6D5 /* JamitFoundationExampleTests.xctest */ = {isa = PBXFileReference; explicitFileType = wrapper.cfbundle; includeInIndex = 0; path = JamitFoundationExampleTests.xctest; sourceTree = BUILT_PRODUCTS_DIR; };
		1E1B3FFE23F27E8700D9A6D5 /* ExampleTests.swift */ = {isa = PBXFileReference; lastKnownFileType = sourcecode.swift; path = ExampleTests.swift; sourceTree = "<group>"; };
		1E1B400023F27E8700D9A6D5 /* Info.plist */ = {isa = PBXFileReference; lastKnownFileType = text.plist.xml; path = Info.plist; sourceTree = "<group>"; };
		1E1B400523F27E8700D9A6D5 /* JamitFoundationExampleUITests.xctest */ = {isa = PBXFileReference; explicitFileType = wrapper.cfbundle; includeInIndex = 0; path = JamitFoundationExampleUITests.xctest; sourceTree = BUILT_PRODUCTS_DIR; };
		1E1B400923F27E8700D9A6D5 /* ExampleUITests.swift */ = {isa = PBXFileReference; lastKnownFileType = sourcecode.swift; path = ExampleUITests.swift; sourceTree = "<group>"; };
		1E1B400B23F27E8700D9A6D5 /* Info.plist */ = {isa = PBXFileReference; lastKnownFileType = text.plist.xml; path = Info.plist; sourceTree = "<group>"; };
		1E1B402323F281D800D9A6D5 /* TableViewController.swift */ = {isa = PBXFileReference; lastKnownFileType = sourcecode.swift; path = TableViewController.swift; sourceTree = "<group>"; };
		1E1B402823F2824A00D9A6D5 /* TableViewViewModel.swift */ = {isa = PBXFileReference; lastKnownFileType = sourcecode.swift; path = TableViewViewModel.swift; sourceTree = "<group>"; };
		1E1B402D23F2845100D9A6D5 /* TableViewTitleTableViewCell.swift */ = {isa = PBXFileReference; lastKnownFileType = sourcecode.swift; path = TableViewTitleTableViewCell.swift; sourceTree = "<group>"; };
		1E1B402F23F2849300D9A6D5 /* TableViewTitleView.swift */ = {isa = PBXFileReference; lastKnownFileType = sourcecode.swift; path = TableViewTitleView.swift; sourceTree = "<group>"; };
		1E1B403123F284B700D9A6D5 /* TableViewTitleViewModel.swift */ = {isa = PBXFileReference; lastKnownFileType = sourcecode.swift; path = TableViewTitleViewModel.swift; sourceTree = "<group>"; };
		1E1B403323F284C100D9A6D5 /* TableViewTitleView.xib */ = {isa = PBXFileReference; lastKnownFileType = file.xib; path = TableViewTitleView.xib; sourceTree = "<group>"; };
		1E46DE4D24AF6DCF007226EF /* TimePickerViewController.swift */ = {isa = PBXFileReference; lastKnownFileType = sourcecode.swift; path = TimePickerViewController.swift; sourceTree = "<group>"; };
		1E46DE4F24AF6DDD007226EF /* TimePickerViewController.xib */ = {isa = PBXFileReference; lastKnownFileType = file.xib; path = TimePickerViewController.xib; sourceTree = "<group>"; };
		1E46DE5124AF6DE6007226EF /* TimePickerViewControllerViewModel.swift */ = {isa = PBXFileReference; lastKnownFileType = sourcecode.swift; path = TimePickerViewControllerViewModel.swift; sourceTree = "<group>"; };
		1E4D4D52244EEA8200B22541 /* Localizable.strings */ = {isa = PBXFileReference; lastKnownFileType = text.plist.strings; path = Localizable.strings; sourceTree = "<group>"; };
		1E4DC76B23F2B4CF00F940D7 /* TableViewController.xib */ = {isa = PBXFileReference; lastKnownFileType = file.xib; path = TableViewController.xib; sourceTree = "<group>"; };
		1EB2D9722488EAEB00E2B1A4 /* CarouselViewController.swift */ = {isa = PBXFileReference; lastKnownFileType = sourcecode.swift; path = CarouselViewController.swift; sourceTree = "<group>"; };
		1EB2D9742488EAF900E2B1A4 /* CarouselViewController.xib */ = {isa = PBXFileReference; lastKnownFileType = file.xib; path = CarouselViewController.xib; sourceTree = "<group>"; };
		1EB2D9762488EB0800E2B1A4 /* CarouselViewControllerViewModel.swift */ = {isa = PBXFileReference; lastKnownFileType = sourcecode.swift; path = CarouselViewControllerViewModel.swift; sourceTree = "<group>"; };
		1EB2D9842488F75E00E2B1A4 /* CarouselItemView.swift */ = {isa = PBXFileReference; lastKnownFileType = sourcecode.swift; path = CarouselItemView.swift; sourceTree = "<group>"; };
		1EB2D9862488F76500E2B1A4 /* CarouselItemView.xib */ = {isa = PBXFileReference; lastKnownFileType = file.xib; path = CarouselItemView.xib; sourceTree = "<group>"; };
		1EB2D9882488F77000E2B1A4 /* CarouselItemViewModel.swift */ = {isa = PBXFileReference; lastKnownFileType = sourcecode.swift; path = CarouselItemViewModel.swift; sourceTree = "<group>"; };
		1EC7229323F2A24200C90405 /* ListItemViewModel.swift */ = {isa = PBXFileReference; lastKnownFileType = sourcecode.swift; path = ListItemViewModel.swift; sourceTree = "<group>"; };
		1EC7229623F2A38E00C90405 /* ListItemView.swift */ = {isa = PBXFileReference; lastKnownFileType = sourcecode.swift; path = ListItemView.swift; sourceTree = "<group>"; };
		1EC7229823F2A39F00C90405 /* ListItemView.xib */ = {isa = PBXFileReference; lastKnownFileType = file.xib; path = ListItemView.xib; sourceTree = "<group>"; };
		1ECA149F242A1D6400321BFC /* TableViewItemTableViewCell.swift */ = {isa = PBXFileReference; lastKnownFileType = sourcecode.swift; path = TableViewItemTableViewCell.swift; sourceTree = "<group>"; };
		1ECA14A1242A1D6C00321BFC /* TableViewItemView.swift */ = {isa = PBXFileReference; lastKnownFileType = sourcecode.swift; path = TableViewItemView.swift; sourceTree = "<group>"; };
		1ECA14A3242A1D7300321BFC /* TableViewItemView.xib */ = {isa = PBXFileReference; lastKnownFileType = file.xib; path = TableViewItemView.xib; sourceTree = "<group>"; };
		1ECA14A5242A1D8000321BFC /* TableViewItemViewModel.swift */ = {isa = PBXFileReference; lastKnownFileType = sourcecode.swift; path = TableViewItemViewModel.swift; sourceTree = "<group>"; };
		1ECA14A8242A6BED00321BFC /* ActionViewController.swift */ = {isa = PBXFileReference; lastKnownFileType = sourcecode.swift; path = ActionViewController.swift; sourceTree = "<group>"; };
		1ECA14AA242A6BF700321BFC /* ActionViewController.xib */ = {isa = PBXFileReference; lastKnownFileType = file.xib; path = ActionViewController.xib; sourceTree = "<group>"; };
		1ECA14AC242A6BFF00321BFC /* ActionViewControllerViewModel.swift */ = {isa = PBXFileReference; lastKnownFileType = sourcecode.swift; path = ActionViewControllerViewModel.swift; sourceTree = "<group>"; };
		1ECA14AF242A9FE200321BFC /* MyScrollViewController.swift */ = {isa = PBXFileReference; lastKnownFileType = sourcecode.swift; path = MyScrollViewController.swift; sourceTree = "<group>"; };
		1ECA14B1242AA24400321BFC /* MyScrollViewController.xib */ = {isa = PBXFileReference; lastKnownFileType = file.xib; path = MyScrollViewController.xib; sourceTree = "<group>"; };
		1ECA14B3242AA3D000321BFC /* MyScrollViewControllerViewModel.swift */ = {isa = PBXFileReference; lastKnownFileType = sourcecode.swift; path = MyScrollViewControllerViewModel.swift; sourceTree = "<group>"; };
		1EFCDA6D24C5C1C600B41530 /* CollapsibleTableViewController.xib */ = {isa = PBXFileReference; fileEncoding = 4; lastKnownFileType = file.xib; path = CollapsibleTableViewController.xib; sourceTree = "<group>"; };
		1EFCDA6E24C5C1C600B41530 /* CollapsibleTableViewControllerViewModel.swift */ = {isa = PBXFileReference; fileEncoding = 4; lastKnownFileType = sourcecode.swift; path = CollapsibleTableViewControllerViewModel.swift; sourceTree = "<group>"; };
		1EFCDA6F24C5C1C600B41530 /* CollapsibleTableViewController.swift */ = {isa = PBXFileReference; fileEncoding = 4; lastKnownFileType = sourcecode.swift; path = CollapsibleTableViewController.swift; sourceTree = "<group>"; };
		EBED3B7524D2A00400CF9221 /* SampleCollectionViewController.swift */ = {isa = PBXFileReference; lastKnownFileType = sourcecode.swift; path = SampleCollectionViewController.swift; sourceTree = "<group>"; };
		EBED3B7924D2A16100CF9221 /* SampleCollectionViewController.xib */ = {isa = PBXFileReference; lastKnownFileType = file.xib; path = SampleCollectionViewController.xib; sourceTree = "<group>"; };
		EBED3B7B24D2A49100CF9221 /* SampleCollectionViewViewModel.swift */ = {isa = PBXFileReference; lastKnownFileType = sourcecode.swift; path = SampleCollectionViewViewModel.swift; sourceTree = "<group>"; };
		EBED3B7F24D2A57700CF9221 /* FancyLabelView.swift */ = {isa = PBXFileReference; lastKnownFileType = sourcecode.swift; path = FancyLabelView.swift; sourceTree = "<group>"; };
		EBED3B8224D2A71C00CF9221 /* FancyLabelViewModel.swift */ = {isa = PBXFileReference; lastKnownFileType = sourcecode.swift; path = FancyLabelViewModel.swift; sourceTree = "<group>"; };
		EBED3B8424D2A82900CF9221 /* FancyLabelView.xib */ = {isa = PBXFileReference; lastKnownFileType = file.xib; path = FancyLabelView.xib; sourceTree = "<group>"; };
		EBED3B8824D2B00F00CF9221 /* FancyLabelViewCell.swift */ = {isa = PBXFileReference; lastKnownFileType = sourcecode.swift; path = FancyLabelViewCell.swift; sourceTree = "<group>"; };
		EBED3B8A24D2B06400CF9221 /* FancyLabelSupplementaryView.swift */ = {isa = PBXFileReference; lastKnownFileType = sourcecode.swift; path = FancyLabelSupplementaryView.swift; sourceTree = "<group>"; };
/* End PBXFileReference section */

/* Begin PBXFrameworksBuildPhase section */
		1E1B3FE123F27E8700D9A6D5 /* Frameworks */ = {
			isa = PBXFrameworksBuildPhase;
			buildActionMask = 2147483647;
			files = (
				A729818B25C07C9100C7E4EC /* BarcodeScanner in Frameworks */,
				A729818F25C07C9100C7E4EC /* CarouselView in Frameworks */,
				A729819325C07C9100C7E4EC /* PageView in Frameworks */,
				A729819725C07C9100C7E4EC /* WeakCache in Frameworks */,
				A729819125C07C9100C7E4EC /* TimePickerView in Frameworks */,
				A729818D25C07C9100C7E4EC /* GridView in Frameworks */,
				A729819525C07C9100C7E4EC /* JamitFoundation in Frameworks */,
			);
			runOnlyForDeploymentPostprocessing = 0;
		};
		1E1B3FF723F27E8700D9A6D5 /* Frameworks */ = {
			isa = PBXFrameworksBuildPhase;
			buildActionMask = 2147483647;
			files = (
			);
			runOnlyForDeploymentPostprocessing = 0;
		};
		1E1B400223F27E8700D9A6D5 /* Frameworks */ = {
			isa = PBXFrameworksBuildPhase;
			buildActionMask = 2147483647;
			files = (
			);
			runOnlyForDeploymentPostprocessing = 0;
		};
/* End PBXFrameworksBuildPhase section */

/* Begin PBXGroup section */
		1E1031E324B616660015581B /* CollapsibleView */ = {
			isa = PBXGroup;
			children = (
				1E1031E424B6168A0015581B /* CollapsibleViewController.swift */,
				1E1031E624B616920015581B /* CollapsibleViewController.xib */,
				1E1031E824B6169C0015581B /* CollapsibleViewControllerViewModel.swift */,
				1E1031F324B7295D0015581B /* Views */,
			);
			path = CollapsibleView;
			sourceTree = "<group>";
		};
		1E1031F324B7295D0015581B /* Views */ = {
			isa = PBXGroup;
			children = (
				1E1031F424B729750015581B /* CollapsibleItemView.swift */,
			);
			path = Views;
			sourceTree = "<group>";
		};
		1E1B3FDB23F27E8700D9A6D5 = {
			isa = PBXGroup;
			children = (
				1E1B3FE623F27E8700D9A6D5 /* App */,
				1E1B3FFD23F27E8700D9A6D5 /* Tests */,
				1E1B400823F27E8700D9A6D5 /* UITests */,
				1E1B3FE523F27E8700D9A6D5 /* Products */,
				1EDB1C5624BC6AEA00FEFA7D /* Frameworks */,
			);
			sourceTree = "<group>";
		};
		1E1B3FE523F27E8700D9A6D5 /* Products */ = {
			isa = PBXGroup;
			children = (
				1E1B3FE423F27E8700D9A6D5 /* JamitFoundationExample.app */,
				1E1B3FFA23F27E8700D9A6D5 /* JamitFoundationExampleTests.xctest */,
				1E1B400523F27E8700D9A6D5 /* JamitFoundationExampleUITests.xctest */,
			);
			name = Products;
			sourceTree = "<group>";
		};
		1E1B3FE623F27E8700D9A6D5 /* App */ = {
			isa = PBXGroup;
			children = (
				1E1B401D23F27EF800D9A6D5 /* Sources */,
				1E1B401F23F27F0400D9A6D5 /* SupportingFiles */,
				1E1B401E23F27EFD00D9A6D5 /* Resources */,
			);
			path = App;
			sourceTree = "<group>";
		};
		1E1B3FFD23F27E8700D9A6D5 /* Tests */ = {
			isa = PBXGroup;
			children = (
				1E1B401823F27EAE00D9A6D5 /* Resources */,
				1E1B401723F27EA600D9A6D5 /* Sources */,
				1E1B401923F27EB400D9A6D5 /* SupportingFiles */,
			);
			path = Tests;
			sourceTree = "<group>";
		};
		1E1B400823F27E8700D9A6D5 /* UITests */ = {
			isa = PBXGroup;
			children = (
				1E1B401B23F27ECC00D9A6D5 /* Resources */,
				1E1B401A23F27EC600D9A6D5 /* Sources */,
				1E1B401C23F27ED300D9A6D5 /* SupportingFiles */,
			);
			path = UITests;
			sourceTree = "<group>";
		};
		1E1B401723F27EA600D9A6D5 /* Sources */ = {
			isa = PBXGroup;
			children = (
				1E1B3FFE23F27E8700D9A6D5 /* ExampleTests.swift */,
			);
			path = Sources;
			sourceTree = "<group>";
		};
		1E1B401823F27EAE00D9A6D5 /* Resources */ = {
			isa = PBXGroup;
			children = (
			);
			path = Resources;
			sourceTree = "<group>";
		};
		1E1B401923F27EB400D9A6D5 /* SupportingFiles */ = {
			isa = PBXGroup;
			children = (
				1E1B400023F27E8700D9A6D5 /* Info.plist */,
			);
			path = SupportingFiles;
			sourceTree = "<group>";
		};
		1E1B401A23F27EC600D9A6D5 /* Sources */ = {
			isa = PBXGroup;
			children = (
				1E1B400923F27E8700D9A6D5 /* ExampleUITests.swift */,
			);
			path = Sources;
			sourceTree = "<group>";
		};
		1E1B401B23F27ECC00D9A6D5 /* Resources */ = {
			isa = PBXGroup;
			children = (
			);
			path = Resources;
			sourceTree = "<group>";
		};
		1E1B401C23F27ED300D9A6D5 /* SupportingFiles */ = {
			isa = PBXGroup;
			children = (
				1E1B400B23F27E8700D9A6D5 /* Info.plist */,
			);
			path = SupportingFiles;
			sourceTree = "<group>";
		};
		1E1B401D23F27EF800D9A6D5 /* Sources */ = {
			isa = PBXGroup;
			children = (
				EBED3B7424D29EFB00CF9221 /* CollectionView */,
				1E1B402023F27F0C00D9A6D5 /* Launch */,
				1E1B402123F280E500D9A6D5 /* ListView */,
				1E1B402223F2818C00D9A6D5 /* TableView */,
				1ECA14A7242A6B1200321BFC /* ActionView */,
				1ECA14AE242A9F8E00321BFC /* ScrollView */,
				1EB2D9712488EA7B00E2B1A4 /* CarouselView */,
				1E46DE4C24AF6DB3007226EF /* TimePickerView */,
				1E1031E324B616660015581B /* CollapsibleView */,
				1EFCDA6C24C5C17400B41530 /* CollapsibleTableView */,
			);
			path = Sources;
			sourceTree = "<group>";
		};
		1E1B401E23F27EFD00D9A6D5 /* Resources */ = {
			isa = PBXGroup;
			children = (
				1E1B3FF023F27E8700D9A6D5 /* Assets.xcassets */,
				1E4D4D52244EEA8200B22541 /* Localizable.strings */,
			);
			path = Resources;
			sourceTree = "<group>";
		};
		1E1B401F23F27F0400D9A6D5 /* SupportingFiles */ = {
			isa = PBXGroup;
			children = (
				1E1B3FF523F27E8700D9A6D5 /* Info.plist */,
			);
			path = SupportingFiles;
			sourceTree = "<group>";
		};
		1E1B402023F27F0C00D9A6D5 /* Launch */ = {
			isa = PBXGroup;
			children = (
				1E1B3FE723F27E8700D9A6D5 /* AppDelegate.swift */,
				1E1B3FF223F27E8700D9A6D5 /* LaunchScreen.storyboard */,
			);
			path = Launch;
			sourceTree = "<group>";
		};
		1E1B402123F280E500D9A6D5 /* ListView */ = {
			isa = PBXGroup;
			children = (
				1E1B3FED23F27E8700D9A6D5 /* SampleListView.storyboard */,
				1E1B3FEB23F27E8700D9A6D5 /* SampleListViewController.swift */,
				1EC7229523F2A34200C90405 /* ListItem */,
			);
			path = ListView;
			sourceTree = "<group>";
		};
		1E1B402223F2818C00D9A6D5 /* TableView */ = {
			isa = PBXGroup;
			children = (
				1E4DC76B23F2B4CF00F940D7 /* TableViewController.xib */,
				1E1B402323F281D800D9A6D5 /* TableViewController.swift */,
				1E1B402823F2824A00D9A6D5 /* TableViewViewModel.swift */,
				1E1B402C23F2843700D9A6D5 /* Cells */,
			);
			path = TableView;
			sourceTree = "<group>";
		};
		1E1B402C23F2843700D9A6D5 /* Cells */ = {
			isa = PBXGroup;
			children = (
				1ECA149D242A1D2B00321BFC /* Title */,
				1ECA149E242A1D4300321BFC /* Item */,
			);
			path = Cells;
			sourceTree = "<group>";
		};
		1EB2D9712488EA7B00E2B1A4 /* CarouselView */ = {
			isa = PBXGroup;
			children = (
				1EB2D9722488EAEB00E2B1A4 /* CarouselViewController.swift */,
				1EB2D9742488EAF900E2B1A4 /* CarouselViewController.xib */,
				1EB2D9762488EB0800E2B1A4 /* CarouselViewControllerViewModel.swift */,
				1EB2D9832488F40400E2B1A4 /* CarouselItemView */,
			);
			path = CarouselView;
			sourceTree = "<group>";
		};
		1EB2D9832488F40400E2B1A4 /* CarouselItemView */ = {
			isa = PBXGroup;
			children = (
				1EB2D9842488F75E00E2B1A4 /* CarouselItemView.swift */,
				1EB2D9862488F76500E2B1A4 /* CarouselItemView.xib */,
				1EB2D9882488F77000E2B1A4 /* CarouselItemViewModel.swift */,
			);
			path = CarouselItemView;
			sourceTree = "<group>";
		};
		1E46DE4C24AF6DB3007226EF /* TimePickerView */ = {
			isa = PBXGroup;
			children = (
				1E46DE4D24AF6DCF007226EF /* TimePickerViewController.swift */,
				1E46DE4F24AF6DDD007226EF /* TimePickerViewController.xib */,
				1E46DE5124AF6DE6007226EF /* TimePickerViewControllerViewModel.swift */,
			);
			path = TimePickerView;
			sourceTree = "<group>";
		};
		1EC7229523F2A34200C90405 /* ListItem */ = {
			isa = PBXGroup;
			children = (
				1EC7229623F2A38E00C90405 /* ListItemView.swift */,
				1EC7229823F2A39F00C90405 /* ListItemView.xib */,
				1EC7229323F2A24200C90405 /* ListItemViewModel.swift */,
			);
			path = ListItem;
			sourceTree = "<group>";
		};
		1ECA149D242A1D2B00321BFC /* Title */ = {
			isa = PBXGroup;
			children = (
				1E1B402D23F2845100D9A6D5 /* TableViewTitleTableViewCell.swift */,
				1E1B402F23F2849300D9A6D5 /* TableViewTitleView.swift */,
				1E1B403323F284C100D9A6D5 /* TableViewTitleView.xib */,
				1E1B403123F284B700D9A6D5 /* TableViewTitleViewModel.swift */,
			);
			path = Title;
			sourceTree = "<group>";
		};
		1ECA149E242A1D4300321BFC /* Item */ = {
			isa = PBXGroup;
			children = (
				1ECA149F242A1D6400321BFC /* TableViewItemTableViewCell.swift */,
				1ECA14A1242A1D6C00321BFC /* TableViewItemView.swift */,
				1ECA14A3242A1D7300321BFC /* TableViewItemView.xib */,
				1ECA14A5242A1D8000321BFC /* TableViewItemViewModel.swift */,
			);
			path = Item;
			sourceTree = "<group>";
		};
		1ECA14A7242A6B1200321BFC /* ActionView */ = {
			isa = PBXGroup;
			children = (
				1ECA14A8242A6BED00321BFC /* ActionViewController.swift */,
				1ECA14AA242A6BF700321BFC /* ActionViewController.xib */,
				1ECA14AC242A6BFF00321BFC /* ActionViewControllerViewModel.swift */,
			);
			path = ActionView;
			sourceTree = "<group>";
		};
		1ECA14AE242A9F8E00321BFC /* ScrollView */ = {
			isa = PBXGroup;
			children = (
				1ECA14AF242A9FE200321BFC /* MyScrollViewController.swift */,
				1ECA14B1242AA24400321BFC /* MyScrollViewController.xib */,
				1ECA14B3242AA3D000321BFC /* MyScrollViewControllerViewModel.swift */,
			);
			path = ScrollView;
			sourceTree = "<group>";
		};
		1EDB1C5624BC6AEA00FEFA7D /* Frameworks */ = {
			isa = PBXGroup;
			children = (
			);
			name = Frameworks;
			sourceTree = "<group>";
		};
		1EFCDA6C24C5C17400B41530 /* CollapsibleTableView */ = {
			isa = PBXGroup;
			children = (
				1EFCDA6F24C5C1C600B41530 /* CollapsibleTableViewController.swift */,
				1EFCDA6D24C5C1C600B41530 /* CollapsibleTableViewController.xib */,
				1EFCDA6E24C5C1C600B41530 /* CollapsibleTableViewControllerViewModel.swift */,
			);
			path = CollapsibleTableView;
			sourceTree = "<group>";
		};
		EBED3B7424D29EFB00CF9221 /* CollectionView */ = {
			isa = PBXGroup;
			children = (
				EBED3B7524D2A00400CF9221 /* SampleCollectionViewController.swift */,
				EBED3B7B24D2A49100CF9221 /* SampleCollectionViewViewModel.swift */,
				EBED3B7924D2A16100CF9221 /* SampleCollectionViewController.xib */,
				EBED3B8724D2ACF900CF9221 /* ReusableView */,
			);
			path = CollectionView;
			sourceTree = "<group>";
		};
		EBED3B8124D2A70900CF9221 /* FancyLabel */ = {
			isa = PBXGroup;
			children = (
				EBED3B8A24D2B06400CF9221 /* FancyLabelSupplementaryView.swift */,
				EBED3B7F24D2A57700CF9221 /* FancyLabelView.swift */,
				EBED3B8424D2A82900CF9221 /* FancyLabelView.xib */,
				EBED3B8824D2B00F00CF9221 /* FancyLabelViewCell.swift */,
				EBED3B8224D2A71C00CF9221 /* FancyLabelViewModel.swift */,
			);
			path = FancyLabel;
			sourceTree = "<group>";
		};
		EBED3B8724D2ACF900CF9221 /* ReusableView */ = {
			isa = PBXGroup;
			children = (
				EBED3B8124D2A70900CF9221 /* FancyLabel */,
			);
			path = ReusableView;
			sourceTree = "<group>";
		};
/* End PBXGroup section */

/* Begin PBXNativeTarget section */
		1E1B3FE323F27E8700D9A6D5 /* JamitFoundationExample */ = {
			isa = PBXNativeTarget;
			buildConfigurationList = 1E1B400E23F27E8800D9A6D5 /* Build configuration list for PBXNativeTarget "JamitFoundationExample" */;
			buildPhases = (
				1E1B3FE023F27E8700D9A6D5 /* Sources */,
				1E1B3FE123F27E8700D9A6D5 /* Frameworks */,
				1E1B3FE223F27E8700D9A6D5 /* Resources */,
				1EDB1C5924BC6AEA00FEFA7D /* Embed Frameworks */,
			);
			buildRules = (
			);
			dependencies = (
			);
			name = JamitFoundationExample;
			packageProductDependencies = (
				A729818A25C07C9100C7E4EC /* BarcodeScanner */,
				A729818C25C07C9100C7E4EC /* GridView */,
				A729818E25C07C9100C7E4EC /* CarouselView */,
				A729819025C07C9100C7E4EC /* TimePickerView */,
				A729819225C07C9100C7E4EC /* PageView */,
				A729819425C07C9100C7E4EC /* JamitFoundation */,
				A729819625C07C9100C7E4EC /* WeakCache */,
			);
			productName = JamitFoundationExample;
			productReference = 1E1B3FE423F27E8700D9A6D5 /* JamitFoundationExample.app */;
			productType = "com.apple.product-type.application";
		};
		1E1B3FF923F27E8700D9A6D5 /* JamitFoundationExampleTests */ = {
			isa = PBXNativeTarget;
			buildConfigurationList = 1E1B401123F27E8800D9A6D5 /* Build configuration list for PBXNativeTarget "JamitFoundationExampleTests" */;
			buildPhases = (
				1E1B3FF623F27E8700D9A6D5 /* Sources */,
				1E1B3FF723F27E8700D9A6D5 /* Frameworks */,
				1E1B3FF823F27E8700D9A6D5 /* Resources */,
			);
			buildRules = (
			);
			dependencies = (
				1E1B3FFC23F27E8700D9A6D5 /* PBXTargetDependency */,
			);
			name = JamitFoundationExampleTests;
			productName = JamitFoundationExampleTests;
			productReference = 1E1B3FFA23F27E8700D9A6D5 /* JamitFoundationExampleTests.xctest */;
			productType = "com.apple.product-type.bundle.unit-test";
		};
		1E1B400423F27E8700D9A6D5 /* JamitFoundationExampleUITests */ = {
			isa = PBXNativeTarget;
			buildConfigurationList = 1E1B401423F27E8800D9A6D5 /* Build configuration list for PBXNativeTarget "JamitFoundationExampleUITests" */;
			buildPhases = (
				1E1B400123F27E8700D9A6D5 /* Sources */,
				1E1B400223F27E8700D9A6D5 /* Frameworks */,
				1E1B400323F27E8700D9A6D5 /* Resources */,
			);
			buildRules = (
			);
			dependencies = (
				1E1B400723F27E8700D9A6D5 /* PBXTargetDependency */,
			);
			name = JamitFoundationExampleUITests;
			productName = JamitFoundationExampleUITests;
			productReference = 1E1B400523F27E8700D9A6D5 /* JamitFoundationExampleUITests.xctest */;
			productType = "com.apple.product-type.bundle.ui-testing";
		};
/* End PBXNativeTarget section */

/* Begin PBXProject section */
		1E1B3FDC23F27E8700D9A6D5 /* Project object */ = {
			isa = PBXProject;
			attributes = {
				LastSwiftUpdateCheck = 1130;
				LastUpgradeCheck = 1220;
				ORGANIZATIONNAME = "Jamit Labs GmbH";
				TargetAttributes = {
					1E1B3FE323F27E8700D9A6D5 = {
						CreatedOnToolsVersion = 11.3.1;
					};
					1E1B3FF923F27E8700D9A6D5 = {
						CreatedOnToolsVersion = 11.3.1;
						TestTargetID = 1E1B3FE323F27E8700D9A6D5;
					};
					1E1B400423F27E8700D9A6D5 = {
						CreatedOnToolsVersion = 11.3.1;
						TestTargetID = 1E1B3FE323F27E8700D9A6D5;
					};
				};
			};
			buildConfigurationList = 1E1B3FDF23F27E8700D9A6D5 /* Build configuration list for PBXProject "JamitFoundationExample" */;
			compatibilityVersion = "Xcode 9.3";
			developmentRegion = en;
			hasScannedForEncodings = 0;
			knownRegions = (
				en,
				Base,
			);
			mainGroup = 1E1B3FDB23F27E8700D9A6D5;
			packageReferences = (
				A729818925C07C9100C7E4EC /* XCRemoteSwiftPackageReference "JamitFoundation" */,
			);
			productRefGroup = 1E1B3FE523F27E8700D9A6D5 /* Products */;
			projectDirPath = "";
			projectRoot = "";
			targets = (
				1E1B3FE323F27E8700D9A6D5 /* JamitFoundationExample */,
				1E1B3FF923F27E8700D9A6D5 /* JamitFoundationExampleTests */,
				1E1B400423F27E8700D9A6D5 /* JamitFoundationExampleUITests */,
			);
		};
/* End PBXProject section */

/* Begin PBXResourcesBuildPhase section */
		1E1B3FE223F27E8700D9A6D5 /* Resources */ = {
			isa = PBXResourcesBuildPhase;
			buildActionMask = 2147483647;
			files = (
				1EFCDA7024C5C1C600B41530 /* CollapsibleTableViewController.xib in Resources */,
				1E1B3FF423F27E8700D9A6D5 /* LaunchScreen.storyboard in Resources */,
				1E1B3FF123F27E8700D9A6D5 /* Assets.xcassets in Resources */,
				1E1031E724B616920015581B /* CollapsibleViewController.xib in Resources */,
				1EC7229923F2A39F00C90405 /* ListItemView.xib in Resources */,
				1E1B3FEF23F27E8700D9A6D5 /* SampleListView.storyboard in Resources */,
				1EB2D9872488F76500E2B1A4 /* CarouselItemView.xib in Resources */,
				1E1B403423F284C100D9A6D5 /* TableViewTitleView.xib in Resources */,
				1E4D4D53244EEA8200B22541 /* Localizable.strings in Resources */,
				1EB2D9752488EAF900E2B1A4 /* CarouselViewController.xib in Resources */,
				1ECA14A4242A1D7300321BFC /* TableViewItemView.xib in Resources */,
				1E46DE5024AF6DDD007226EF /* TimePickerViewController.xib in Resources */,
				EBED3B8524D2A82900CF9221 /* FancyLabelView.xib in Resources */,
				EBED3B7A24D2A16100CF9221 /* SampleCollectionViewController.xib in Resources */,
				1ECA14AB242A6BF700321BFC /* ActionViewController.xib in Resources */,
				1E4DC76C23F2B4CF00F940D7 /* TableViewController.xib in Resources */,
				1ECA14B2242AA24400321BFC /* MyScrollViewController.xib in Resources */,
			);
			runOnlyForDeploymentPostprocessing = 0;
		};
		1E1B3FF823F27E8700D9A6D5 /* Resources */ = {
			isa = PBXResourcesBuildPhase;
			buildActionMask = 2147483647;
			files = (
			);
			runOnlyForDeploymentPostprocessing = 0;
		};
		1E1B400323F27E8700D9A6D5 /* Resources */ = {
			isa = PBXResourcesBuildPhase;
			buildActionMask = 2147483647;
			files = (
			);
			runOnlyForDeploymentPostprocessing = 0;
		};
/* End PBXResourcesBuildPhase section */

/* Begin PBXSourcesBuildPhase section */
		1E1B3FE023F27E8700D9A6D5 /* Sources */ = {
			isa = PBXSourcesBuildPhase;
			buildActionMask = 2147483647;
			files = (
				1EFCDA7224C5C1C600B41530 /* CollapsibleTableViewController.swift in Sources */,
				1E1031E924B6169C0015581B /* CollapsibleViewControllerViewModel.swift in Sources */,
				1ECA14B4242AA3D000321BFC /* MyScrollViewControllerViewModel.swift in Sources */,
				1E1031E524B6168A0015581B /* CollapsibleViewController.swift in Sources */,
				1EC7229723F2A38E00C90405 /* ListItemView.swift in Sources */,
				1EB2D9892488F77000E2B1A4 /* CarouselItemViewModel.swift in Sources */,
				1ECA14A6242A1D8000321BFC /* TableViewItemViewModel.swift in Sources */,
				1E46DE4E24AF6DCF007226EF /* TimePickerViewController.swift in Sources */,
				1E1B402E23F2845100D9A6D5 /* TableViewTitleTableViewCell.swift in Sources */,
				1EB2D9732488EAEB00E2B1A4 /* CarouselViewController.swift in Sources */,
				1EB2D9772488EB0800E2B1A4 /* CarouselViewControllerViewModel.swift in Sources */,
				1ECA14AD242A6BFF00321BFC /* ActionViewControllerViewModel.swift in Sources */,
				1ECA14A9242A6BED00321BFC /* ActionViewController.swift in Sources */,
				1E1B3FEC23F27E8700D9A6D5 /* SampleListViewController.swift in Sources */,
				1E1031F524B729750015581B /* CollapsibleItemView.swift in Sources */,
				EBED3B8B24D2B06400CF9221 /* FancyLabelSupplementaryView.swift in Sources */,
				1ECA14A2242A1D6C00321BFC /* TableViewItemView.swift in Sources */,
				1ECA14B0242A9FE200321BFC /* MyScrollViewController.swift in Sources */,
				1E46DE5224AF6DE6007226EF /* TimePickerViewControllerViewModel.swift in Sources */,
				EBED3B8324D2A71C00CF9221 /* FancyLabelViewModel.swift in Sources */,
				EBED3B7C24D2A49100CF9221 /* SampleCollectionViewViewModel.swift in Sources */,
				1E1B402423F281D800D9A6D5 /* TableViewController.swift in Sources */,
				1EFCDA7124C5C1C600B41530 /* CollapsibleTableViewControllerViewModel.swift in Sources */,
				EBED3B8924D2B00F00CF9221 /* FancyLabelViewCell.swift in Sources */,
				1E1B403023F2849300D9A6D5 /* TableViewTitleView.swift in Sources */,
				1E1B403223F284B700D9A6D5 /* TableViewTitleViewModel.swift in Sources */,
				1EB2D9852488F75E00E2B1A4 /* CarouselItemView.swift in Sources */,
				1ECA14A0242A1D6400321BFC /* TableViewItemTableViewCell.swift in Sources */,
				1E1B402923F2824A00D9A6D5 /* TableViewViewModel.swift in Sources */,
				EBED3B8024D2A57700CF9221 /* FancyLabelView.swift in Sources */,
				1EC7229423F2A24200C90405 /* ListItemViewModel.swift in Sources */,
				EBED3B7624D2A00400CF9221 /* SampleCollectionViewController.swift in Sources */,
				1E1B3FE823F27E8700D9A6D5 /* AppDelegate.swift in Sources */,
			);
			runOnlyForDeploymentPostprocessing = 0;
		};
		1E1B3FF623F27E8700D9A6D5 /* Sources */ = {
			isa = PBXSourcesBuildPhase;
			buildActionMask = 2147483647;
			files = (
				1E1B3FFF23F27E8700D9A6D5 /* ExampleTests.swift in Sources */,
			);
			runOnlyForDeploymentPostprocessing = 0;
		};
		1E1B400123F27E8700D9A6D5 /* Sources */ = {
			isa = PBXSourcesBuildPhase;
			buildActionMask = 2147483647;
			files = (
				1E1B400A23F27E8700D9A6D5 /* ExampleUITests.swift in Sources */,
			);
			runOnlyForDeploymentPostprocessing = 0;
		};
/* End PBXSourcesBuildPhase section */

/* Begin PBXTargetDependency section */
		1E1B3FFC23F27E8700D9A6D5 /* PBXTargetDependency */ = {
			isa = PBXTargetDependency;
			target = 1E1B3FE323F27E8700D9A6D5 /* JamitFoundationExample */;
			targetProxy = 1E1B3FFB23F27E8700D9A6D5 /* PBXContainerItemProxy */;
		};
		1E1B400723F27E8700D9A6D5 /* PBXTargetDependency */ = {
			isa = PBXTargetDependency;
			target = 1E1B3FE323F27E8700D9A6D5 /* JamitFoundationExample */;
			targetProxy = 1E1B400623F27E8700D9A6D5 /* PBXContainerItemProxy */;
		};
/* End PBXTargetDependency section */

/* Begin PBXVariantGroup section */
		1E1B3FED23F27E8700D9A6D5 /* SampleListView.storyboard */ = {
			isa = PBXVariantGroup;
			children = (
				1E1B3FEE23F27E8700D9A6D5 /* Base */,
			);
			name = SampleListView.storyboard;
			sourceTree = "<group>";
		};
		1E1B3FF223F27E8700D9A6D5 /* LaunchScreen.storyboard */ = {
			isa = PBXVariantGroup;
			children = (
				1E1B3FF323F27E8700D9A6D5 /* Base */,
			);
			name = LaunchScreen.storyboard;
			sourceTree = "<group>";
		};
/* End PBXVariantGroup section */

/* Begin XCBuildConfiguration section */
		1E1B400C23F27E8800D9A6D5 /* Debug */ = {
			isa = XCBuildConfiguration;
			buildSettings = {
				ALWAYS_SEARCH_USER_PATHS = NO;
				CLANG_ANALYZER_NONNULL = YES;
				CLANG_ANALYZER_NUMBER_OBJECT_CONVERSION = YES_AGGRESSIVE;
				CLANG_CXX_LANGUAGE_STANDARD = "gnu++14";
				CLANG_CXX_LIBRARY = "libc++";
				CLANG_ENABLE_MODULES = YES;
				CLANG_ENABLE_OBJC_ARC = YES;
				CLANG_ENABLE_OBJC_WEAK = YES;
				CLANG_WARN_BLOCK_CAPTURE_AUTORELEASING = YES;
				CLANG_WARN_BOOL_CONVERSION = YES;
				CLANG_WARN_COMMA = YES;
				CLANG_WARN_CONSTANT_CONVERSION = YES;
				CLANG_WARN_DEPRECATED_OBJC_IMPLEMENTATIONS = YES;
				CLANG_WARN_DIRECT_OBJC_ISA_USAGE = YES_ERROR;
				CLANG_WARN_DOCUMENTATION_COMMENTS = YES;
				CLANG_WARN_EMPTY_BODY = YES;
				CLANG_WARN_ENUM_CONVERSION = YES;
				CLANG_WARN_INFINITE_RECURSION = YES;
				CLANG_WARN_INT_CONVERSION = YES;
				CLANG_WARN_NON_LITERAL_NULL_CONVERSION = YES;
				CLANG_WARN_OBJC_IMPLICIT_RETAIN_SELF = YES;
				CLANG_WARN_OBJC_LITERAL_CONVERSION = YES;
				CLANG_WARN_OBJC_ROOT_CLASS = YES_ERROR;
				CLANG_WARN_QUOTED_INCLUDE_IN_FRAMEWORK_HEADER = YES;
				CLANG_WARN_RANGE_LOOP_ANALYSIS = YES;
				CLANG_WARN_STRICT_PROTOTYPES = YES;
				CLANG_WARN_SUSPICIOUS_MOVE = YES;
				CLANG_WARN_UNGUARDED_AVAILABILITY = YES_AGGRESSIVE;
				CLANG_WARN_UNREACHABLE_CODE = YES;
				CLANG_WARN__DUPLICATE_METHOD_MATCH = YES;
				COPY_PHASE_STRIP = NO;
				DEBUG_INFORMATION_FORMAT = dwarf;
				ENABLE_STRICT_OBJC_MSGSEND = YES;
				ENABLE_TESTABILITY = YES;
				GCC_C_LANGUAGE_STANDARD = gnu11;
				GCC_DYNAMIC_NO_PIC = NO;
				GCC_NO_COMMON_BLOCKS = YES;
				GCC_OPTIMIZATION_LEVEL = 0;
				GCC_PREPROCESSOR_DEFINITIONS = (
					"DEBUG=1",
					"$(inherited)",
				);
				GCC_WARN_64_TO_32_BIT_CONVERSION = YES;
				GCC_WARN_ABOUT_RETURN_TYPE = YES_ERROR;
				GCC_WARN_UNDECLARED_SELECTOR = YES;
				GCC_WARN_UNINITIALIZED_AUTOS = YES_AGGRESSIVE;
				GCC_WARN_UNUSED_FUNCTION = YES;
				GCC_WARN_UNUSED_VARIABLE = YES;
				IPHONEOS_DEPLOYMENT_TARGET = 13.2;
				MTL_ENABLE_DEBUG_INFO = INCLUDE_SOURCE;
				MTL_FAST_MATH = YES;
				ONLY_ACTIVE_ARCH = YES;
				SDKROOT = iphoneos;
				SWIFT_ACTIVE_COMPILATION_CONDITIONS = DEBUG;
				SWIFT_OPTIMIZATION_LEVEL = "-Onone";
			};
			name = Debug;
		};
		1E1B400D23F27E8800D9A6D5 /* Release */ = {
			isa = XCBuildConfiguration;
			buildSettings = {
				ALWAYS_SEARCH_USER_PATHS = NO;
				CLANG_ANALYZER_NONNULL = YES;
				CLANG_ANALYZER_NUMBER_OBJECT_CONVERSION = YES_AGGRESSIVE;
				CLANG_CXX_LANGUAGE_STANDARD = "gnu++14";
				CLANG_CXX_LIBRARY = "libc++";
				CLANG_ENABLE_MODULES = YES;
				CLANG_ENABLE_OBJC_ARC = YES;
				CLANG_ENABLE_OBJC_WEAK = YES;
				CLANG_WARN_BLOCK_CAPTURE_AUTORELEASING = YES;
				CLANG_WARN_BOOL_CONVERSION = YES;
				CLANG_WARN_COMMA = YES;
				CLANG_WARN_CONSTANT_CONVERSION = YES;
				CLANG_WARN_DEPRECATED_OBJC_IMPLEMENTATIONS = YES;
				CLANG_WARN_DIRECT_OBJC_ISA_USAGE = YES_ERROR;
				CLANG_WARN_DOCUMENTATION_COMMENTS = YES;
				CLANG_WARN_EMPTY_BODY = YES;
				CLANG_WARN_ENUM_CONVERSION = YES;
				CLANG_WARN_INFINITE_RECURSION = YES;
				CLANG_WARN_INT_CONVERSION = YES;
				CLANG_WARN_NON_LITERAL_NULL_CONVERSION = YES;
				CLANG_WARN_OBJC_IMPLICIT_RETAIN_SELF = YES;
				CLANG_WARN_OBJC_LITERAL_CONVERSION = YES;
				CLANG_WARN_OBJC_ROOT_CLASS = YES_ERROR;
				CLANG_WARN_QUOTED_INCLUDE_IN_FRAMEWORK_HEADER = YES;
				CLANG_WARN_RANGE_LOOP_ANALYSIS = YES;
				CLANG_WARN_STRICT_PROTOTYPES = YES;
				CLANG_WARN_SUSPICIOUS_MOVE = YES;
				CLANG_WARN_UNGUARDED_AVAILABILITY = YES_AGGRESSIVE;
				CLANG_WARN_UNREACHABLE_CODE = YES;
				CLANG_WARN__DUPLICATE_METHOD_MATCH = YES;
				COPY_PHASE_STRIP = NO;
				DEBUG_INFORMATION_FORMAT = "dwarf-with-dsym";
				ENABLE_NS_ASSERTIONS = NO;
				ENABLE_STRICT_OBJC_MSGSEND = YES;
				GCC_C_LANGUAGE_STANDARD = gnu11;
				GCC_NO_COMMON_BLOCKS = YES;
				GCC_WARN_64_TO_32_BIT_CONVERSION = YES;
				GCC_WARN_ABOUT_RETURN_TYPE = YES_ERROR;
				GCC_WARN_UNDECLARED_SELECTOR = YES;
				GCC_WARN_UNINITIALIZED_AUTOS = YES_AGGRESSIVE;
				GCC_WARN_UNUSED_FUNCTION = YES;
				GCC_WARN_UNUSED_VARIABLE = YES;
				IPHONEOS_DEPLOYMENT_TARGET = 13.2;
				MTL_ENABLE_DEBUG_INFO = NO;
				MTL_FAST_MATH = YES;
				SDKROOT = iphoneos;
				SWIFT_COMPILATION_MODE = wholemodule;
				SWIFT_OPTIMIZATION_LEVEL = "-O";
				VALIDATE_PRODUCT = YES;
			};
			name = Release;
		};
		1E1B400F23F27E8800D9A6D5 /* Debug */ = {
			isa = XCBuildConfiguration;
			buildSettings = {
				ASSETCATALOG_COMPILER_APPICON_NAME = AppIcon;
				CODE_SIGN_STYLE = Automatic;
				DEVELOPMENT_TEAM = DB7EUU9D79;
				INFOPLIST_FILE = App/SupportingFiles/Info.plist;
				IPHONEOS_DEPLOYMENT_TARGET = 10.0;
				LD_RUNPATH_SEARCH_PATHS = (
					"$(inherited)",
					"@executable_path/Frameworks",
				);
				PRODUCT_BUNDLE_IDENTIFIER = com.jamitlabs.JamitFoundationExample;
				PRODUCT_NAME = "$(TARGET_NAME)";
				SWIFT_VERSION = 5.0;
				TARGETED_DEVICE_FAMILY = "1,2";
			};
			name = Debug;
		};
		1E1B401023F27E8800D9A6D5 /* Release */ = {
			isa = XCBuildConfiguration;
			buildSettings = {
				ASSETCATALOG_COMPILER_APPICON_NAME = AppIcon;
				CODE_SIGN_STYLE = Automatic;
				DEVELOPMENT_TEAM = DB7EUU9D79;
				INFOPLIST_FILE = App/SupportingFiles/Info.plist;
				IPHONEOS_DEPLOYMENT_TARGET = 10.0;
				LD_RUNPATH_SEARCH_PATHS = (
					"$(inherited)",
					"@executable_path/Frameworks",
				);
				PRODUCT_BUNDLE_IDENTIFIER = com.jamitlabs.JamitFoundationExample;
				PRODUCT_NAME = "$(TARGET_NAME)";
				SWIFT_VERSION = 5.0;
				TARGETED_DEVICE_FAMILY = "1,2";
			};
			name = Release;
		};
		1E1B401223F27E8800D9A6D5 /* Debug */ = {
			isa = XCBuildConfiguration;
			buildSettings = {
				ALWAYS_EMBED_SWIFT_STANDARD_LIBRARIES = YES;
				BUNDLE_LOADER = "$(TEST_HOST)";
				CODE_SIGN_STYLE = Automatic;
				DEVELOPMENT_TEAM = DB7EUU9D79;
				INFOPLIST_FILE = JamitFoundationExampleTests/Info.plist;
				IPHONEOS_DEPLOYMENT_TARGET = 13.2;
				LD_RUNPATH_SEARCH_PATHS = (
					"$(inherited)",
					"@executable_path/Frameworks",
					"@loader_path/Frameworks",
				);
				PRODUCT_BUNDLE_IDENTIFIER = com.jamitlabs.JamitFoundationExampleTests;
				PRODUCT_NAME = "$(TARGET_NAME)";
				SWIFT_VERSION = 5.0;
				TARGETED_DEVICE_FAMILY = "1,2";
				TEST_HOST = "$(BUILT_PRODUCTS_DIR)/JamitFoundationExample.app/JamitFoundationExample";
			};
			name = Debug;
		};
		1E1B401323F27E8800D9A6D5 /* Release */ = {
			isa = XCBuildConfiguration;
			buildSettings = {
				ALWAYS_EMBED_SWIFT_STANDARD_LIBRARIES = YES;
				BUNDLE_LOADER = "$(TEST_HOST)";
				CODE_SIGN_STYLE = Automatic;
				DEVELOPMENT_TEAM = DB7EUU9D79;
				INFOPLIST_FILE = JamitFoundationExampleTests/Info.plist;
				IPHONEOS_DEPLOYMENT_TARGET = 13.2;
				LD_RUNPATH_SEARCH_PATHS = (
					"$(inherited)",
					"@executable_path/Frameworks",
					"@loader_path/Frameworks",
				);
				PRODUCT_BUNDLE_IDENTIFIER = com.jamitlabs.JamitFoundationExampleTests;
				PRODUCT_NAME = "$(TARGET_NAME)";
				SWIFT_VERSION = 5.0;
				TARGETED_DEVICE_FAMILY = "1,2";
				TEST_HOST = "$(BUILT_PRODUCTS_DIR)/JamitFoundationExample.app/JamitFoundationExample";
			};
			name = Release;
		};
		1E1B401523F27E8800D9A6D5 /* Debug */ = {
			isa = XCBuildConfiguration;
			buildSettings = {
				ALWAYS_EMBED_SWIFT_STANDARD_LIBRARIES = YES;
				CODE_SIGN_STYLE = Automatic;
				DEVELOPMENT_TEAM = DB7EUU9D79;
				INFOPLIST_FILE = JamitFoundationExampleUITests/Info.plist;
				LD_RUNPATH_SEARCH_PATHS = (
					"$(inherited)",
					"@executable_path/Frameworks",
					"@loader_path/Frameworks",
				);
				PRODUCT_BUNDLE_IDENTIFIER = com.jamitlabs.JamitFoundationExampleUITests;
				PRODUCT_NAME = "$(TARGET_NAME)";
				SWIFT_VERSION = 5.0;
				TARGETED_DEVICE_FAMILY = "1,2";
				TEST_TARGET_NAME = JamitFoundationExample;
			};
			name = Debug;
		};
		1E1B401623F27E8800D9A6D5 /* Release */ = {
			isa = XCBuildConfiguration;
			buildSettings = {
				ALWAYS_EMBED_SWIFT_STANDARD_LIBRARIES = YES;
				CODE_SIGN_STYLE = Automatic;
				DEVELOPMENT_TEAM = DB7EUU9D79;
				INFOPLIST_FILE = JamitFoundationExampleUITests/Info.plist;
				LD_RUNPATH_SEARCH_PATHS = (
					"$(inherited)",
					"@executable_path/Frameworks",
					"@loader_path/Frameworks",
				);
				PRODUCT_BUNDLE_IDENTIFIER = com.jamitlabs.JamitFoundationExampleUITests;
				PRODUCT_NAME = "$(TARGET_NAME)";
				SWIFT_VERSION = 5.0;
				TARGETED_DEVICE_FAMILY = "1,2";
				TEST_TARGET_NAME = JamitFoundationExample;
			};
			name = Release;
		};
/* End XCBuildConfiguration section */

/* Begin XCConfigurationList section */
		1E1B3FDF23F27E8700D9A6D5 /* Build configuration list for PBXProject "JamitFoundationExample" */ = {
			isa = XCConfigurationList;
			buildConfigurations = (
				1E1B400C23F27E8800D9A6D5 /* Debug */,
				1E1B400D23F27E8800D9A6D5 /* Release */,
			);
			defaultConfigurationIsVisible = 0;
			defaultConfigurationName = Release;
		};
		1E1B400E23F27E8800D9A6D5 /* Build configuration list for PBXNativeTarget "JamitFoundationExample" */ = {
			isa = XCConfigurationList;
			buildConfigurations = (
				1E1B400F23F27E8800D9A6D5 /* Debug */,
				1E1B401023F27E8800D9A6D5 /* Release */,
			);
			defaultConfigurationIsVisible = 0;
			defaultConfigurationName = Release;
		};
		1E1B401123F27E8800D9A6D5 /* Build configuration list for PBXNativeTarget "JamitFoundationExampleTests" */ = {
			isa = XCConfigurationList;
			buildConfigurations = (
				1E1B401223F27E8800D9A6D5 /* Debug */,
				1E1B401323F27E8800D9A6D5 /* Release */,
			);
			defaultConfigurationIsVisible = 0;
			defaultConfigurationName = Release;
		};
		1E1B401423F27E8800D9A6D5 /* Build configuration list for PBXNativeTarget "JamitFoundationExampleUITests" */ = {
			isa = XCConfigurationList;
			buildConfigurations = (
				1E1B401523F27E8800D9A6D5 /* Debug */,
				1E1B401623F27E8800D9A6D5 /* Release */,
			);
			defaultConfigurationIsVisible = 0;
			defaultConfigurationName = Release;
		};
/* End XCConfigurationList section */

/* Begin XCRemoteSwiftPackageReference section */
		A729818925C07C9100C7E4EC /* XCRemoteSwiftPackageReference "JamitFoundation" */ = {
			isa = XCRemoteSwiftPackageReference;
			repositoryURL = "https://github.com/JamitLabs/JamitFoundation";
			requirement = {
				kind = upToNextMajorVersion;
				minimumVersion = 1.4.2;
			};
		};
/* End XCRemoteSwiftPackageReference section */

/* Begin XCSwiftPackageProductDependency section */
		A729818A25C07C9100C7E4EC /* BarcodeScanner */ = {
			isa = XCSwiftPackageProductDependency;
			package = A729818925C07C9100C7E4EC /* XCRemoteSwiftPackageReference "JamitFoundation" */;
			productName = BarcodeScanner;
		};
		A729818C25C07C9100C7E4EC /* GridView */ = {
			isa = XCSwiftPackageProductDependency;
			package = A729818925C07C9100C7E4EC /* XCRemoteSwiftPackageReference "JamitFoundation" */;
			productName = GridView;
		};
		A729818E25C07C9100C7E4EC /* CarouselView */ = {
			isa = XCSwiftPackageProductDependency;
			package = A729818925C07C9100C7E4EC /* XCRemoteSwiftPackageReference "JamitFoundation" */;
			productName = CarouselView;
		};
		A729819025C07C9100C7E4EC /* TimePickerView */ = {
			isa = XCSwiftPackageProductDependency;
			package = A729818925C07C9100C7E4EC /* XCRemoteSwiftPackageReference "JamitFoundation" */;
			productName = TimePickerView;
		};
		A729819225C07C9100C7E4EC /* PageView */ = {
			isa = XCSwiftPackageProductDependency;
			package = A729818925C07C9100C7E4EC /* XCRemoteSwiftPackageReference "JamitFoundation" */;
			productName = PageView;
		};
		A729819425C07C9100C7E4EC /* JamitFoundation */ = {
			isa = XCSwiftPackageProductDependency;
			package = A729818925C07C9100C7E4EC /* XCRemoteSwiftPackageReference "JamitFoundation" */;
			productName = JamitFoundation;
		};
		A729819625C07C9100C7E4EC /* WeakCache */ = {
			isa = XCSwiftPackageProductDependency;
			package = A729818925C07C9100C7E4EC /* XCRemoteSwiftPackageReference "JamitFoundation" */;
			productName = WeakCache;
		};
/* End XCSwiftPackageProductDependency section */
	};
	rootObject = 1E1B3FDC23F27E8700D9A6D5 /* Project object */;
}
