{
  "pins" : [
    {
      "identity" : "jamitfoundation",
      "kind" : "remoteSourceControl",
      "location" : "https://github.com/JamitLabs/JamitFoundation",
      "state" : {
        "branch" : "feature/swiftui-integration",
        "revision" : "610261cee2ba951a7a6d680fb32416adc7ca0d63"
      }
    }
  ],
  "version" : 2
}
