{
  "object": {
    "pins": [
      {
        "package": "JamitFoundation",
        "repositoryURL": "https://github.com/JamitLabs/JamitFoundation",
        "state": {
          "branch": "feature/message-view",
          "revision": "eacc348b0dd7d49ee6d540337aac3ba1c28765f9",
          "version": null
        }
      }
    ]
  },
  "version": 1
}
