{
  "object": {
    "pins": [
      {
        "package": "JamitFoundation",
        "repositoryURL": "https://github.com/JamitLabs/JamitFoundation",
        "state": {
          "branch": "feature/message-view",
          "revision": "069976dc6b8842cf1a4798ccdb2c135ec0c71dd7",
          "version": null
        }
      }
    ]
  },
  "version": 1
}
